{
    "_readme": [
        "This file locks the dependencies of your project to a known state",
        "Read more about it at https://getcomposer.org/doc/01-basic-usage.md#composer-lock-the-lock-file",
        "This file is @generated automatically"
    ],
    "content-hash": "31ce9f4033ecb645ce27555656afe96a",
    "packages": [
        {
            "name": "okitcom/ok-lib-php",
            "version": "dev-master",
            "source": {
                "type": "git",
                "url": "https://github.com/okitcom/ok-lib-php.git",
                "reference": "db223b80df0cce4768015ae63179b3cdec51a6a9"
            },
            "dist": {
                "type": "zip",
                "url": "https://api.github.com/repos/okitcom/ok-lib-php/zipball/db223b80df0cce4768015ae63179b3cdec51a6a9",
                "reference": "db223b80df0cce4768015ae63179b3cdec51a6a9",
                "shasum": ""
            },
            "require-dev": {
                "phpunit/phpunit": "5.7.x-dev"
            },
            "type": "library",
            "autoload": {
                "psr-4": {
                    "OK\\": "src/"
                }
            },
            "notification-url": "https://packagist.org/downloads/",
            "license": [
                "Apache-2.0"
            ],
            "authors": [
                {
                    "name": "Hidde Lycklama",
                    "email": "hidde@okit.com"
                }
            ],
            "description": "PHP client for the OK LIB API",
            "homepage": "https://okit.com/",
            "keywords": [
                "OK",
                "ok api",
                "ok cash",
                "ok open",
                "ok ticket",
                "okit",
                "oklib",
                "php"
            ],
            "time": "2018-03-21 10:14:34"
        }
    ],
    "packages-dev": [],
    "aliases": [],
    "minimum-stability": "dev",
    "stability-flags": {
        "okitcom/ok-lib-php": 20
    },
    "prefer-stable": false,
    "prefer-lowest": false,
    "platform": [],
    "platform-dev": []
}
